
Microsoft Visual Studio Solution File, Format Version 12.00
# Visual Studio 15
VisualStudioVersion = 15.0.33919.361
MinimumVisualStudioVersion = 10.0.40219.1
Project("{FAE04EC0-301F-11D3-BF4B-00C04F79EFBC}") = "CShapPractice", "CShapPractice\CShapPractice.csproj", "{FFF90FC8-346F-4BF5-9F72-0B104BE585A3}"
EndProject
Global
	GlobalSection(SolutionConfigurationPlatforms) = preSolution
		Debug|Any CPU = Debug|Any CPU
		Release|Any CPU = Release|Any CPU
	EndGlobalSection
	GlobalSection(ProjectConfigurationPlatforms) = postSolution
		{FFF90FC8-346F-4BF5-9F72-0B104BE585A3}.Debug|Any CPU.ActiveCfg = Debug|Any CPU
		{FFF90FC8-346F-4BF5-9F72-0B104BE585A3}.Debug|Any CPU.Build.0 = Debug|Any CPU
		{FFF90FC8-346F-4BF5-9F72-0B104BE585A3}.Release|Any CPU.ActiveCfg = Release|Any CPU
		{FFF90FC8-346F-4BF5-9F72-0B104BE585A3}.Release|Any CPU.Build.0 = Release|Any CPU
	EndGlobalSection
	GlobalSection(SolutionProperties) = preSolution
		HideSolutionNode = FALSE
	EndGlobalSection
	GlobalSection(ExtensibilityGlobals) = postSolution
		SolutionGuid = {BF22FF2D-AC00-4563-813D-C3759A418F7F}
	EndGlobalSection
EndGlobal
